
Microsoft Visual Studio Solution File, Format Version 12.00
# Visual Studio Version 17
VisualStudioVersion = 17.3.32922.545
MinimumVisualStudioVersion = 10.0.40219.1
Project("{FAE04EC0-301F-11D3-BF4B-00C04F79EFBC}") = "AvG", "AvG\AvG.csproj", "{AE03797F-2441-43D7-B3F9-32F0626C835B}"
EndProject
Global
	GlobalSection(SolutionConfigurationPlatforms) = preSolution
		Debug|Any CPU = Debug|Any CPU
		Release|Any CPU = Release|Any CPU
	EndGlobalSection
	GlobalSection(ProjectConfigurationPlatforms) = postSolution
		{AE03797F-2441-43D7-B3F9-32F0626C835B}.Debug|Any CPU.ActiveCfg = Debug|Any CPU
		{AE03797F-2441-43D7-B3F9-32F0626C835B}.Debug|Any CPU.Build.0 = Debug|Any CPU
		{AE03797F-2441-43D7-B3F9-32F0626C835B}.Release|Any CPU.ActiveCfg = Release|Any CPU
		{AE03797F-2441-43D7-B3F9-32F0626C835B}.Release|Any CPU.Build.0 = Release|Any CPU
	EndGlobalSection
	GlobalSection(SolutionProperties) = preSolution
		HideSolutionNode = FALSE
	EndGlobalSection
	GlobalSection(ExtensibilityGlobals) = postSolution
		SolutionGuid = {C600EA97-2A0C-4A98-8EBA-F87E5B989D57}
	EndGlobalSection
EndGlobal
